// !$*UTF8*$!
{
	archiveVersion = 1;
	classes = {
	};
	objectVersion = 46;
	objects = {

/* Begin PBXBuildFile section */
		EB5D7882192C6BBB002EEB6A /* Foundation.framework in Frameworks */ = {isa = PBXBuildFile; fileRef = EB5D7881192C6BBB002EEB6A /* Foundation.framework */; };
		EB5D7884192C6BBB002EEB6A /* CoreGraphics.framework in Frameworks */ = {isa = PBXBuildFile; fileRef = EB5D7883192C6BBB002EEB6A /* CoreGraphics.framework */; };
		EB5D7886192C6BBB002EEB6A /* UIKit.framework in Frameworks */ = {isa = PBXBuildFile; fileRef = EB5D7885192C6BBB002EEB6A /* UIKit.framework */; };
		EB5D788C192C6BBB002EEB6A /* InfoPlist.strings in Resources */ = {isa = PBXBuildFile; fileRef = EB5D788A192C6BBB002EEB6A /* InfoPlist.strings */; };
		EB5D788E192C6BBB002EEB6A /* main.m in Sources */ = {isa = PBXBuildFile; fileRef = EB5D788D192C6BBB002EEB6A /* main.m */; };
		EB5D7892192C6BBB002EEB6A /* XYZAppDelegate.m in Sources */ = {isa = PBXBuildFile; fileRef = EB5D7891192C6BBB002EEB6A /* XYZAppDelegate.m */; };
		EB5D7894192C6BBB002EEB6A /* Images.xcassets in Resources */ = {isa = PBXBuildFile; fileRef = EB5D7893192C6BBB002EEB6A /* Images.xcassets */; };
		EB5D789B192C6BBB002EEB6A /* XCTest.framework in Frameworks */ = {isa = PBXBuildFile; fileRef = EB5D789A192C6BBB002EEB6A /* XCTest.framework */; };
		EB5D789C192C6BBB002EEB6A /* Foundation.framework in Frameworks */ = {isa = PBXBuildFile; fileRef = EB5D7881192C6BBB002EEB6A /* Foundation.framework */; };
		EB5D789D192C6BBB002EEB6A /* UIKit.framework in Frameworks */ = {isa = PBXBuildFile; fileRef = EB5D7885192C6BBB002EEB6A /* UIKit.framework */; };
		EB5D78A5192C6BBB002EEB6A /* InfoPlist.strings in Resources */ = {isa = PBXBuildFile; fileRef = EB5D78A3192C6BBB002EEB6A /* InfoPlist.strings */; };
		EB5D78A7192C6BBB002EEB6A /* ToDoListTests.m in Sources */ = {isa = PBXBuildFile; fileRef = EB5D78A6192C6BBB002EEB6A /* ToDoListTests.m */; };
		EB5D78B1192C6E4E002EEB6A /* Main.storyboard in Resources */ = {isa = PBXBuildFile; fileRef = EB5D78B0192C6E4E002EEB6A /* Main.storyboard */; };
		EB5D78B4192C8839002EEB6A /* XYZAddToDoItemViewController.m in Sources */ = {isa = PBXBuildFile; fileRef = EB5D78B3192C8839002EEB6A /* XYZAddToDoItemViewController.m */; };
		EB5D78B7192C893E002EEB6A /* XYZToDoListTableViewController.m in Sources */ = {isa = PBXBuildFile; fileRef = EB5D78B6192C893E002EEB6A /* XYZToDoListTableViewController.m */; };
		EB5D78BA192C939E002EEB6A /* XYZToDoItem.m in Sources */ = {isa = PBXBuildFile; fileRef = EB5D78B9192C939E002EEB6A /* XYZToDoItem.m */; };
/* End PBXBuildFile section */

/* Begin PBXContainerItemProxy section */
		EB5D789E192C6BBB002EEB6A /* PBXContainerItemProxy */ = {
			isa = PBXContainerItemProxy;
			containerPortal = EB5D7876192C6BBB002EEB6A /* Project object */;
			proxyType = 1;
			remoteGlobalIDString = EB5D787D192C6BBB002EEB6A;
			remoteInfo = ToDoList;
		};
/* End PBXContainerItemProxy section */

/* Begin PBXFileReference section */
		EB5D787E192C6BBB002EEB6A /* ToDoList.app */ = {isa = PBXFileReference; explicitFileType = wrapper.application; includeInIndex = 0; path = ToDoList.app; sourceTree = BUILT_PRODUCTS_DIR; };
		EB5D7881192C6BBB002EEB6A /* Foundation.framework */ = {isa = PBXFileReference; lastKnownFileType = wrapper.framework; name = Foundation.framework; path = System/Library/Frameworks/Foundation.framework; sourceTree = SDKROOT; };
		EB5D7883192C6BBB002EEB6A /* CoreGraphics.framework */ = {isa = PBXFileReference; lastKnownFileType = wrapper.framework; name = CoreGraphics.framework; path = System/Library/Frameworks/CoreGraphics.framework; sourceTree = SDKROOT; };
		EB5D7885192C6BBB002EEB6A /* UIKit.framework */ = {isa = PBXFileReference; lastKnownFileType = wrapper.framework; name = UIKit.framework; path = System/Library/Frameworks/UIKit.framework; sourceTree = SDKROOT; };
		EB5D7889192C6BBB002EEB6A /* ToDoList-Info.plist */ = {isa = PBXFileReference; lastKnownFileType = text.plist.xml; path = "ToDoList-Info.plist"; sourceTree = "<group>"; };
		EB5D788B192C6BBB002EEB6A /* en */ = {isa = PBXFileReference; lastKnownFileType = text.plist.strings; name = en; path = en.lproj/InfoPlist.strings; sourceTree = "<group>"; };
		EB5D788D192C6BBB002EEB6A /* main.m */ = {isa = PBXFileReference; lastKnownFileType = sourcecode.c.objc; path = main.m; sourceTree = "<group>"; };
		EB5D788F192C6BBB002EEB6A /* ToDoList-Prefix.pch */ = {isa = PBXFileReference; lastKnownFileType = sourcecode.c.h; path = "ToDoList-Prefix.pch"; sourceTree = "<group>"; };
		EB5D7890192C6BBB002EEB6A /* XYZAppDelegate.h */ = {isa = PBXFileReference; lastKnownFileType = sourcecode.c.h; path = XYZAppDelegate.h; sourceTree = "<group>"; };
		EB5D7891192C6BBB002EEB6A /* XYZAppDelegate.m */ = {isa = PBXFileReference; lastKnownFileType = sourcecode.c.objc; path = XYZAppDelegate.m; sourceTree = "<group>"; };
		EB5D7893192C6BBB002EEB6A /* Images.xcassets */ = {isa = PBXFileReference; lastKnownFileType = folder.assetcatalog; path = Images.xcassets; sourceTree = "<group>"; };
		EB5D7899192C6BBB002EEB6A /* ToDoListTests.xctest */ = {isa = PBXFileReference; explicitFileType = wrapper.cfbundle; includeInIndex = 0; path = ToDoListTests.xctest; sourceTree = BUILT_PRODUCTS_DIR; };
		EB5D789A192C6BBB002EEB6A /* XCTest.framework */ = {isa = PBXFileReference; lastKnownFileType = wrapper.framework; name = XCTest.framework; path = Library/Frameworks/XCTest.framework; sourceTree = DEVELOPER_DIR; };
		EB5D78A2192C6BBB002EEB6A /* ToDoListTests-Info.plist */ = {isa = PBXFileReference; lastKnownFileType = text.plist.xml; path = "ToDoListTests-Info.plist"; sourceTree = "<group>"; };
		EB5D78A4192C6BBB002EEB6A /* en */ = {isa = PBXFileReference; lastKnownFileType = text.plist.strings; name = en; path = en.lproj/InfoPlist.strings; sourceTree = "<group>"; };
		EB5D78A6192C6BBB002EEB6A /* ToDoListTests.m */ = {isa = PBXFileReference; lastKnownFileType = sourcecode.c.objc; path = ToDoListTests.m; sourceTree = "<group>"; };
		EB5D78B0192C6E4E002EEB6A /* Main.storyboard */ = {isa = PBXFileReference; fileEncoding = 4; lastKnownFileType = file.storyboard; path = Main.storyboard; sourceTree = "<group>"; };
		EB5D78B2192C8839002EEB6A /* XYZAddToDoItemViewController.h */ = {isa = PBXFileReference; fileEncoding = 4; lastKnownFileType = sourcecode.c.h; name = XYZAddToDoItemViewController.h; path = ../XYZAddToDoItemViewController.h; sourceTree = "<group>"; };
		EB5D78B3192C8839002EEB6A /* XYZAddToDoItemViewController.m */ = {isa = PBXFileReference; fileEncoding = 4; lastKnownFileType = sourcecode.c.objc; name = XYZAddToDoItemViewController.m; path = ../XYZAddToDoItemViewController.m; sourceTree = "<group>"; };
		EB5D78B5192C893E002EEB6A /* XYZToDoListTableViewController.h */ = {isa = PBXFileReference; fileEncoding = 4; lastKnownFileType = sourcecode.c.h; path = XYZToDoListTableViewController.h; sourceTree = "<group>"; };
		EB5D78B6192C893E002EEB6A /* XYZToDoListTableViewController.m */ = {isa = PBXFileReference; fileEncoding = 4; lastKnownFileType = sourcecode.c.objc; path = XYZToDoListTableViewController.m; sourceTree = "<group>"; };
		EB5D78B8192C939E002EEB6A /* XYZToDoItem.h */ = {isa = PBXFileReference; fileEncoding = 4; lastKnownFileType = sourcecode.c.h; path = XYZToDoItem.h; sourceTree = "<group>"; };
		EB5D78B9192C939E002EEB6A /* XYZToDoItem.m */ = {isa = PBXFileReference; fileEncoding = 4; lastKnownFileType = sourcecode.c.objc; path = XYZToDoItem.m; sourceTree = "<group>"; };
/* End PBXFileReference section */

/* Begin PBXFrameworksBuildPhase section */
		EB5D787B192C6BBB002EEB6A /* Frameworks */ = {
			isa = PBXFrameworksBuildPhase;
			buildActionMask = 2147483647;
			files = (
				EB5D7884192C6BBB002EEB6A /* CoreGraphics.framework in Frameworks */,
				EB5D7886192C6BBB002EEB6A /* UIKit.framework in Frameworks */,
				EB5D7882192C6BBB002EEB6A /* Foundation.framework in Frameworks */,
			);
			runOnlyForDeploymentPostprocessing = 0;
		};
		EB5D7896192C6BBB002EEB6A /* Frameworks */ = {
			isa = PBXFrameworksBuildPhase;
			buildActionMask = 2147483647;
			files = (
				EB5D789B192C6BBB002EEB6A /* XCTest.framework in Frameworks */,
				EB5D789D192C6BBB002EEB6A /* UIKit.framework in Frameworks */,
				EB5D789C192C6BBB002EEB6A /* Foundation.framework in Frameworks */,
			);
			runOnlyForDeploymentPostprocessing = 0;
		};
/* End PBXFrameworksBuildPhase section */

/* Begin PBXGroup section */
		EB5D7875192C6BBB002EEB6A = {
			isa = PBXGroup;
			children = (
				EB5D7887192C6BBB002EEB6A /* ToDoList */,
				EB5D78A0192C6BBB002EEB6A /* ToDoListTests */,
				EB5D7880192C6BBB002EEB6A /* Frameworks */,
				EB5D787F192C6BBB002EEB6A /* Products */,
			);
			sourceTree = "<group>";
		};
		EB5D787F192C6BBB002EEB6A /* Products */ = {
			isa = PBXGroup;
			children = (
				EB5D787E192C6BBB002EEB6A /* ToDoList.app */,
				EB5D7899192C6BBB002EEB6A /* ToDoListTests.xctest */,
			);
			name = Products;
			sourceTree = "<group>";
		};
		EB5D7880192C6BBB002EEB6A /* Frameworks */ = {
			isa = PBXGroup;
			children = (
				EB5D7881192C6BBB002EEB6A /* Foundation.framework */,
				EB5D7883192C6BBB002EEB6A /* CoreGraphics.framework */,
				EB5D7885192C6BBB002EEB6A /* UIKit.framework */,
				EB5D789A192C6BBB002EEB6A /* XCTest.framework */,
			);
			name = Frameworks;
			sourceTree = "<group>";
		};
		EB5D7887192C6BBB002EEB6A /* ToDoList */ = {
			isa = PBXGroup;
			children = (
				EB5D78B2192C8839002EEB6A /* XYZAddToDoItemViewController.h */,
				EB5D78B3192C8839002EEB6A /* XYZAddToDoItemViewController.m */,
				EB5D7890192C6BBB002EEB6A /* XYZAppDelegate.h */,
				EB5D7891192C6BBB002EEB6A /* XYZAppDelegate.m */,
				EB5D78B0192C6E4E002EEB6A /* Main.storyboard */,
				EB5D78B5192C893E002EEB6A /* XYZToDoListTableViewController.h */,
				EB5D78B6192C893E002EEB6A /* XYZToDoListTableViewController.m */,
				EB5D7893192C6BBB002EEB6A /* Images.xcassets */,
				EB5D7888192C6BBB002EEB6A /* Supporting Files */,
				EB5D78B8192C939E002EEB6A /* XYZToDoItem.h */,
				EB5D78B9192C939E002EEB6A /* XYZToDoItem.m */,
			);
			path = ToDoList;
			sourceTree = "<group>";
		};
		EB5D7888192C6BBB002EEB6A /* Supporting Files */ = {
			isa = PBXGroup;
			children = (
				EB5D7889192C6BBB002EEB6A /* ToDoList-Info.plist */,
				EB5D788A192C6BBB002EEB6A /* InfoPlist.strings */,
				EB5D788D192C6BBB002EEB6A /* main.m */,
				EB5D788F192C6BBB002EEB6A /* ToDoList-Prefix.pch */,
			);
			name = "Supporting Files";
			sourceTree = "<group>";
		};
		EB5D78A0192C6BBB002EEB6A /* ToDoListTests */ = {
			isa = PBXGroup;
			children = (
				EB5D78A6192C6BBB002EEB6A /* ToDoListTests.m */,
				EB5D78A1192C6BBB002EEB6A /* Supporting Files */,
			);
			path = ToDoListTests;
			sourceTree = "<group>";
		};
		EB5D78A1192C6BBB002EEB6A /* Supporting Files */ = {
			isa = PBXGroup;
			children = (
				EB5D78A2192C6BBB002EEB6A /* ToDoListTests-Info.plist */,
				EB5D78A3192C6BBB002EEB6A /* InfoPlist.strings */,
			);
			name = "Supporting Files";
			sourceTree = "<group>";
		};
/* End PBXGroup section */

/* Begin PBXNativeTarget section */
		EB5D787D192C6BBB002EEB6A /* ToDoList */ = {
			isa = PBXNativeTarget;
			buildConfigurationList = EB5D78AA192C6BBB002EEB6A /* Build configuration list for PBXNativeTarget "ToDoList" */;
			buildPhases = (
				EB5D787A192C6BBB002EEB6A /* Sources */,
				EB5D787B192C6BBB002EEB6A /* Frameworks */,
				EB5D787C192C6BBB002EEB6A /* Resources */,
			);
			buildRules = (
			);
			dependencies = (
			);
			name = ToDoList;
			productName = ToDoList;
			productReference = EB5D787E192C6BBB002EEB6A /* ToDoList.app */;
			productType = "com.apple.product-type.application";
		};
		EB5D7898192C6BBB002EEB6A /* ToDoListTests */ = {
			isa = PBXNativeTarget;
			buildConfigurationList = EB5D78AD192C6BBB002EEB6A /* Build configuration list for PBXNativeTarget "ToDoListTests" */;
			buildPhases = (
				EB5D7895192C6BBB002EEB6A /* Sources */,
				EB5D7896192C6BBB002EEB6A /* Frameworks */,
				EB5D7897192C6BBB002EEB6A /* Resources */,
			);
			buildRules = (
			);
			dependencies = (
				EB5D789F192C6BBB002EEB6A /* PBXTargetDependency */,
			);
			name = ToDoListTests;
			productName = ToDoListTests;
			productReference = EB5D7899192C6BBB002EEB6A /* ToDoListTests.xctest */;
			productType = "com.apple.product-type.bundle.unit-test";
		};
/* End PBXNativeTarget section */

/* Begin PBXProject section */
		EB5D7876192C6BBB002EEB6A /* Project object */ = {
			isa = PBXProject;
			attributes = {
				CLASSPREFIX = XYZ;
				LastUpgradeCheck = 0510;
				TargetAttributes = {
					EB5D7898192C6BBB002EEB6A = {
						TestTargetID = EB5D787D192C6BBB002EEB6A;
					};
				};
			};
			buildConfigurationList = EB5D7879192C6BBB002EEB6A /* Build configuration list for PBXProject "ToDoList" */;
			compatibilityVersion = "Xcode 3.2";
			developmentRegion = English;
			hasScannedForEncodings = 0;
			knownRegions = (
				en,
			);
			mainGroup = EB5D7875192C6BBB002EEB6A;
			productRefGroup = EB5D787F192C6BBB002EEB6A /* Products */;
			projectDirPath = "";
			projectRoot = "";
			targets = (
				EB5D787D192C6BBB002EEB6A /* ToDoList */,
				EB5D7898192C6BBB002EEB6A /* ToDoListTests */,
			);
		};
/* End PBXProject section */

/* Begin PBXResourcesBuildPhase section */
		EB5D787C192C6BBB002EEB6A /* Resources */ = {
			isa = PBXResourcesBuildPhase;
			buildActionMask = 2147483647;
			files = (
				EB5D78B1192C6E4E002EEB6A /* Main.storyboard in Resources */,
				EB5D788C192C6BBB002EEB6A /* InfoPlist.strings in Resources */,
				EB5D7894192C6BBB002EEB6A /* Images.xcassets in Resources */,
			);
			runOnlyForDeploymentPostprocessing = 0;
		};
		EB5D7897192C6BBB002EEB6A /* Resources */ = {
			isa = PBXResourcesBuildPhase;
			buildActionMask = 2147483647;
			files = (
				EB5D78A5192C6BBB002EEB6A /* InfoPlist.strings in Resources */,
			);
			runOnlyForDeploymentPostprocessing = 0;
		};
/* End PBXResourcesBuildPhase section */

/* Begin PBXSourcesBuildPhase section */
		EB5D787A192C6BBB002EEB6A /* Sources */ = {
			isa = PBXSourcesBuildPhase;
			buildActionMask = 2147483647;
			files = (
				EB5D7892192C6BBB002EEB6A /* XYZAppDelegate.m in Sources */,
				EB5D78BA192C939E002EEB6A /* XYZToDoItem.m in Sources */,
				EB5D788E192C6BBB002EEB6A /* main.m in Sources */,
				EB5D78B7192C893E002EEB6A /* XYZToDoListTableViewController.m in Sources */,
				EB5D78B4192C8839002EEB6A /* XYZAddToDoItemViewController.m in Sources */,
			);
			runOnlyForDeploymentPostprocessing = 0;
		};
		EB5D7895192C6BBB002EEB6A /* Sources */ = {
			isa = PBXSourcesBuildPhase;
			buildActionMask = 2147483647;
			files = (
				EB5D78A7192C6BBB002EEB6A /* ToDoListTests.m in Sources */,
			);
			runOnlyForDeploymentPostprocessing = 0;
		};
/* End PBXSourcesBuildPhase section */

/* Begin PBXTargetDependency section */
		EB5D789F192C6BBB002EEB6A /* PBXTargetDependency */ = {
			isa = PBXTargetDependency;
			target = EB5D787D192C6BBB002EEB6A /* ToDoList */;
			targetProxy = EB5D789E192C6BBB002EEB6A /* PBXContainerItemProxy */;
		};
/* End PBXTargetDependency section */

/* Begin PBXVariantGroup section */
		EB5D788A192C6BBB002EEB6A /* InfoPlist.strings */ = {
			isa = PBXVariantGroup;
			children = (
				EB5D788B192C6BBB002EEB6A /* en */,
			);
			name = InfoPlist.strings;
			sourceTree = "<group>";
		};
		EB5D78A3192C6BBB002EEB6A /* InfoPlist.strings */ = {
			isa = PBXVariantGroup;
			children = (
				EB5D78A4192C6BBB002EEB6A /* en */,
			);
			name = InfoPlist.strings;
			sourceTree = "<group>";
		};
/* End PBXVariantGroup section */

/* Begin XCBuildConfiguration section */
		EB5D78A8192C6BBB002EEB6A /* Debug */ = {
			isa = XCBuildConfiguration;
			buildSettings = {
				ALWAYS_SEARCH_USER_PATHS = NO;
				CLANG_CXX_LANGUAGE_STANDARD = "gnu++0x";
				CLANG_CXX_LIBRARY = "libc++";
				CLANG_ENABLE_MODULES = YES;
				CLANG_ENABLE_OBJC_ARC = YES;
				CLANG_WARN_BOOL_CONVERSION = YES;
				CLANG_WARN_CONSTANT_CONVERSION = YES;
				CLANG_WARN_DIRECT_OBJC_ISA_USAGE = YES_ERROR;
				CLANG_WARN_EMPTY_BODY = YES;
				CLANG_WARN_ENUM_CONVERSION = YES;
				CLANG_WARN_INT_CONVERSION = YES;
				CLANG_WARN_OBJC_ROOT_CLASS = YES_ERROR;
				CLANG_WARN__DUPLICATE_METHOD_MATCH = YES;
				"CODE_SIGN_IDENTITY[sdk=iphoneos*]" = "iPhone Developer";
				COPY_PHASE_STRIP = NO;
				GCC_C_LANGUAGE_STANDARD = gnu99;
				GCC_DYNAMIC_NO_PIC = NO;
				GCC_OPTIMIZATION_LEVEL = 0;
				GCC_PREPROCESSOR_DEFINITIONS = (
					"DEBUG=1",
					"$(inherited)",
				);
				GCC_SYMBOLS_PRIVATE_EXTERN = NO;
				GCC_WARN_64_TO_32_BIT_CONVERSION = YES;
				GCC_WARN_ABOUT_RETURN_TYPE = YES_ERROR;
				GCC_WARN_UNDECLARED_SELECTOR = YES;
				GCC_WARN_UNINITIALIZED_AUTOS = YES_AGGRESSIVE;
				GCC_WARN_UNUSED_FUNCTION = YES;
				GCC_WARN_UNUSED_VARIABLE = YES;
				IPHONEOS_DEPLOYMENT_TARGET = 7.1;
				ONLY_ACTIVE_ARCH = YES;
				SDKROOT = iphoneos;
			};
			name = Debug;
		};
		EB5D78A9192C6BBB002EEB6A /* Release */ = {
			isa = XCBuildConfiguration;
			buildSettings = {
				ALWAYS_SEARCH_USER_PATHS = NO;
				CLANG_CXX_LANGUAGE_STANDARD = "gnu++0x";
				CLANG_CXX_LIBRARY = "libc++";
				CLANG_ENABLE_MODULES = YES;
				CLANG_ENABLE_OBJC_ARC = YES;
				CLANG_WARN_BOOL_CONVERSION = YES;
				CLANG_WARN_CONSTANT_CONVERSION = YES;
				CLANG_WARN_DIRECT_OBJC_ISA_USAGE = YES_ERROR;
				CLANG_WARN_EMPTY_BODY = YES;
				CLANG_WARN_ENUM_CONVERSION = YES;
				CLANG_WARN_INT_CONVERSION = YES;
				CLANG_WARN_OBJC_ROOT_CLASS = YES_ERROR;
				CLANG_WARN__DUPLICATE_METHOD_MATCH = YES;
				"CODE_SIGN_IDENTITY[sdk=iphoneos*]" = "iPhone Developer";
				COPY_PHASE_STRIP = YES;
				ENABLE_NS_ASSERTIONS = NO;
				GCC_C_LANGUAGE_STANDARD = gnu99;
				GCC_WARN_64_TO_32_BIT_CONVERSION = YES;
				GCC_WARN_ABOUT_RETURN_TYPE = YES_ERROR;
				GCC_WARN_UNDECLARED_SELECTOR = YES;
				GCC_WARN_UNINITIALIZED_AUTOS = YES_AGGRESSIVE;
				GCC_WARN_UNUSED_FUNCTION = YES;
				GCC_WARN_UNUSED_VARIABLE = YES;
				IPHONEOS_DEPLOYMENT_TARGET = 7.1;
				SDKROOT = iphoneos;
				VALIDATE_PRODUCT = YES;
			};
			name = Release;
		};
		EB5D78AB192C6BBB002EEB6A /* Debug */ = {
			isa = XCBuildConfiguration;
			buildSettings = {
				ASSETCATALOG_COMPILER_APPICON_NAME = AppIcon;
				ASSETCATALOG_COMPILER_LAUNCHIMAGE_NAME = LaunchImage;
				GCC_PRECOMPILE_PREFIX_HEADER = YES;
				GCC_PREFIX_HEADER = "ToDoList/ToDoList-Prefix.pch";
				INFOPLIST_FILE = "ToDoList/ToDoList-Info.plist";
				PRODUCT_NAME = "$(TARGET_NAME)";
				WRAPPER_EXTENSION = app;
			};
			name = Debug;
		};
		EB5D78AC192C6BBB002EEB6A /* Release */ = {
			isa = XCBuildConfiguration;
			buildSettings = {
				ASSETCATALOG_COMPILER_APPICON_NAME = AppIcon;
				ASSETCATALOG_COMPILER_LAUNCHIMAGE_NAME = LaunchImage;
				GCC_PRECOMPILE_PREFIX_HEADER = YES;
				GCC_PREFIX_HEADER = "ToDoList/ToDoList-Prefix.pch";
				INFOPLIST_FILE = "ToDoList/ToDoList-Info.plist";
				PRODUCT_NAME = "$(TARGET_NAME)";
				WRAPPER_EXTENSION = app;
			};
			name = Release;
		};
		EB5D78AE192C6BBB002EEB6A /* Debug */ = {
			isa = XCBuildConfiguration;
			buildSettings = {
				BUNDLE_LOADER = "$(BUILT_PRODUCTS_DIR)/ToDoList.app/ToDoList";
				FRAMEWORK_SEARCH_PATHS = (
					"$(SDKROOT)/Developer/Library/Frameworks",
					"$(inherited)",
					"$(DEVELOPER_FRAMEWORKS_DIR)",
				);
				GCC_PRECOMPILE_PREFIX_HEADER = YES;
				GCC_PREFIX_HEADER = "ToDoList/ToDoList-Prefix.pch";
				GCC_PREPROCESSOR_DEFINITIONS = (
					"DEBUG=1",
					"$(inherited)",
				);
				INFOPLIST_FILE = "ToDoListTests/ToDoListTests-Info.plist";
				PRODUCT_NAME = "$(TARGET_NAME)";
				TEST_HOST = "$(BUNDLE_LOADER)";
				WRAPPER_EXTENSION = xctest;
			};
			name = Debug;
		};
		EB5D78AF192C6BBB002EEB6A /* Release */ = {
			isa = XCBuildConfiguration;
			buildSettings = {
				BUNDLE_LOADER = "$(BUILT_PRODUCTS_DIR)/ToDoList.app/ToDoList";
				FRAMEWORK_SEARCH_PATHS = (
					"$(SDKROOT)/Developer/Library/Frameworks",
					"$(inherited)",
					"$(DEVELOPER_FRAMEWORKS_DIR)",
				);
				GCC_PRECOMPILE_PREFIX_HEADER = YES;
				GCC_PREFIX_HEADER = "ToDoList/ToDoList-Prefix.pch";
				INFOPLIST_FILE = "ToDoListTests/ToDoListTests-Info.plist";
				PRODUCT_NAME = "$(TARGET_NAME)";
				TEST_HOST = "$(BUNDLE_LOADER)";
				WRAPPER_EXTENSION = xctest;
			};
			name = Release;
		};
/* End XCBuildConfiguration section */

/* Begin XCConfigurationList section */
		EB5D7879192C6BBB002EEB6A /* Build configuration list for PBXProject "ToDoList" */ = {
			isa = XCConfigurationList;
			buildConfigurations = (
				EB5D78A8192C6BBB002EEB6A /* Debug */,
				EB5D78A9192C6BBB002EEB6A /* Release */,
			);
			defaultConfigurationIsVisible = 0;
			defaultConfigurationName = Release;
		};
		EB5D78AA192C6BBB002EEB6A /* Build configuration list for PBXNativeTarget "ToDoList" */ = {
			isa = XCConfigurationList;
			buildConfigurations = (
				EB5D78AB192C6BBB002EEB6A /* Debug */,
				EB5D78AC192C6BBB002EEB6A /* Release */,
			);
			defaultConfigurationIsVisible = 0;
		};
		EB5D78AD192C6BBB002EEB6A /* Build configuration list for PBXNativeTarget "ToDoListTests" */ = {
			isa = XCConfigurationList;
			buildConfigurations = (
				EB5D78AE192C6BBB002EEB6A /* Debug */,
				EB5D78AF192C6BBB002EEB6A /* Release */,
			);
			defaultConfigurationIsVisible = 0;
		};
/* End XCConfigurationList section */
	};
	rootObject = EB5D7876192C6BBB002EEB6A /* Project object */;
}
